
Microsoft Visual Studio Solution File, Format Version 12.00
# Visual Studio Version 17
VisualStudioVersion = 17.3.32901.215
MinimumVisualStudioVersion = 10.0.40219.1
Project("{FAE04EC0-301F-11D3-BF4B-00C04F79EFBC}") = "Klasa String5", "Klasa String5\Klasa String5.csproj", "{C1BA4C10-A719-4C05-95EC-A8556F83C91E}"
EndProject
Global
	GlobalSection(SolutionConfigurationPlatforms) = preSolution
		Debug|Any CPU = Debug|Any CPU
		Release|Any CPU = Release|Any CPU
	EndGlobalSection
	GlobalSection(ProjectConfigurationPlatforms) = postSolution
		{C1BA4C10-A719-4C05-95EC-A8556F83C91E}.Debug|Any CPU.ActiveCfg = Debug|Any CPU
		{C1BA4C10-A719-4C05-95EC-A8556F83C91E}.Debug|Any CPU.Build.0 = Debug|Any CPU
		{C1BA4C10-A719-4C05-95EC-A8556F83C91E}.Release|Any CPU.ActiveCfg = Release|Any CPU
		{C1BA4C10-A719-4C05-95EC-A8556F83C91E}.Release|Any CPU.Build.0 = Release|Any CPU
	EndGlobalSection
	GlobalSection(SolutionProperties) = preSolution
		HideSolutionNode = FALSE
	EndGlobalSection
	GlobalSection(ExtensibilityGlobals) = postSolution
		SolutionGuid = {15BFA9E8-22F8-419B-AFEF-2FEFA240BAC7}
	EndGlobalSection
EndGlobal
