
Microsoft Visual Studio Solution File, Format Version 12.00
# Visual Studio Version 17
VisualStudioVersion = 17.3.32901.215
MinimumVisualStudioVersion = 10.0.40219.1
Project("{FAE04EC0-301F-11D3-BF4B-00C04F79EFBC}") = "Klasa String4", "Klasa String4\Klasa String4.csproj", "{B0459D47-C8DE-46C1-9638-CED01A5CD28A}"
EndProject
Global
	GlobalSection(SolutionConfigurationPlatforms) = preSolution
		Debug|Any CPU = Debug|Any CPU
		Release|Any CPU = Release|Any CPU
	EndGlobalSection
	GlobalSection(ProjectConfigurationPlatforms) = postSolution
		{B0459D47-C8DE-46C1-9638-CED01A5CD28A}.Debug|Any CPU.ActiveCfg = Debug|Any CPU
		{B0459D47-C8DE-46C1-9638-CED01A5CD28A}.Debug|Any CPU.Build.0 = Debug|Any CPU
		{B0459D47-C8DE-46C1-9638-CED01A5CD28A}.Release|Any CPU.ActiveCfg = Release|Any CPU
		{B0459D47-C8DE-46C1-9638-CED01A5CD28A}.Release|Any CPU.Build.0 = Release|Any CPU
	EndGlobalSection
	GlobalSection(SolutionProperties) = preSolution
		HideSolutionNode = FALSE
	EndGlobalSection
	GlobalSection(ExtensibilityGlobals) = postSolution
		SolutionGuid = {783DDA1C-A15F-4B06-8E4F-8E4FCC9AC9ED}
	EndGlobalSection
EndGlobal
